// !$*UTF8*$!
{
	archiveVersion = 1;
	classes = {
	};
	objectVersion = 46;
	objects = {

/* Begin PBXBuildFile section */
		3E1BAD371ED3AE9800D4AAEA /* AppDelegate.swift in Sources */ = {isa = PBXBuildFile; fileRef = 3E1BAD361ED3AE9800D4AAEA /* AppDelegate.swift */; };
		3E1BAD391ED3AE9800D4AAEA /* ViewController.swift in Sources */ = {isa = PBXBuildFile; fileRef = 3E1BAD381ED3AE9800D4AAEA /* ViewController.swift */; };
		3E1BAD3C1ED3AE9800D4AAEA /* Main.storyboard in Resources */ = {isa = PBXBuildFile; fileRef = 3E1BAD3A1ED3AE9800D4AAEA /* Main.storyboard */; };
		3E1BAD3E1ED3AE9800D4AAEA /* Assets.xcassets in Resources */ = {isa = PBXBuildFile; fileRef = 3E1BAD3D1ED3AE9800D4AAEA /* Assets.xcassets */; };
		3E1BAD411ED3AE9800D4AAEA /* LaunchScreen.storyboard in Resources */ = {isa = PBXBuildFile; fileRef = 3E1BAD3F1ED3AE9800D4AAEA /* LaunchScreen.storyboard */; };
/* End PBXBuildFile section */

/* Begin PBXFileReference section */
		3E1BAD331ED3AE9800D4AAEA /* J&B's.app */ = {isa = PBXFileReference; explicitFileType = wrapper.application; includeInIndex = 0; path = "J&B's.app"; sourceTree = BUILT_PRODUCTS_DIR; };
		3E1BAD361ED3AE9800D4AAEA /* AppDelegate.swift */ = {isa = PBXFileReference; lastKnownFileType = sourcecode.swift; path = AppDelegate.swift; sourceTree = "<group>"; };
		3E1BAD381ED3AE9800D4AAEA /* ViewController.swift */ = {isa = PBXFileReference; lastKnownFileType = sourcecode.swift; path = ViewController.swift; sourceTree = "<group>"; };
		3E1BAD3B1ED3AE9800D4AAEA /* Base */ = {isa = PBXFileReference; lastKnownFileType = file.storyboard; name = Base; path = Base.lproj/Main.storyboard; sourceTree = "<group>"; };
		3E1BAD3D1ED3AE9800D4AAEA /* Assets.xcassets */ = {isa = PBXFileReference; lastKnownFileType = folder.assetcatalog; path = Assets.xcassets; sourceTree = "<group>"; };
		3E1BAD401ED3AE9800D4AAEA /* Base */ = {isa = PBXFileReference; lastKnownFileType = file.storyboard; name = Base; path = Base.lproj/LaunchScreen.storyboard; sourceTree = "<group>"; };
		3E1BAD421ED3AE9800D4AAEA /* Info.plist */ = {isa = PBXFileReference; lastKnownFileType = text.plist.xml; path = Info.plist; sourceTree = "<group>"; };
/* End PBXFileReference section */

/* Begin PBXFrameworksBuildPhase section */
		3E1BAD301ED3AE9800D4AAEA /* Frameworks */ = {
			isa = PBXFrameworksBuildPhase;
			buildActionMask = 2147483647;
			files = (
			);
			runOnlyForDeploymentPostprocessing = 0;
		};
/* End PBXFrameworksBuildPhase section */

/* Begin PBXGroup section */
		3E1BAD2A1ED3AE9800D4AAEA = {
			isa = PBXGroup;
			children = (
				3E1BAD351ED3AE9800D4AAEA /* J&B's */,
				3E1BAD341ED3AE9800D4AAEA /* Products */,
			);
			sourceTree = "<group>";
		};
		3E1BAD341ED3AE9800D4AAEA /* Products */ = {
			isa = PBXGroup;
			children = (
				3E1BAD331ED3AE9800D4AAEA /* J&B's.app */,
			);
			name = Products;
			sourceTree = "<group>";
		};
		3E1BAD351ED3AE9800D4AAEA /* J&B's */ = {
			isa = PBXGroup;
			children = (
				3E1BAD361ED3AE9800D4AAEA /* AppDelegate.swift */,
				3E1BAD381ED3AE9800D4AAEA /* ViewController.swift */,
				3E1BAD3A1ED3AE9800D4AAEA /* Main.storyboard */,
				3E1BAD3D1ED3AE9800D4AAEA /* Assets.xcassets */,
				3E1BAD3F1ED3AE9800D4AAEA /* LaunchScreen.storyboard */,
				3E1BAD421ED3AE9800D4AAEA /* Info.plist */,
			);
			path = "J&B's";
			sourceTree = "<group>";
		};
/* End PBXGroup section */

/* Begin PBXNativeTarget section */
		3E1BAD321ED3AE9800D4AAEA /* J&B's */ = {
			isa = PBXNativeTarget;
			buildConfigurationList = 3E1BAD451ED3AE9800D4AAEA /* Build configuration list for PBXNativeTarget "J&B's" */;
			buildPhases = (
				3E1BAD2F1ED3AE9800D4AAEA /* Sources */,
				3E1BAD301ED3AE9800D4AAEA /* Frameworks */,
				3E1BAD311ED3AE9800D4AAEA /* Resources */,
			);
			buildRules = (
			);
			dependencies = (
			);
			name = "J&B's";
			productName = "J&B's";
			productReference = 3E1BAD331ED3AE9800D4AAEA /* J&B's.app */;
			productType = "com.apple.product-type.application";
		};
/* End PBXNativeTarget section */

/* Begin PBXProject section */
		3E1BAD2B1ED3AE9800D4AAEA /* Project object */ = {
			isa = PBXProject;
			attributes = {
				LastSwiftUpdateCheck = 0830;
				LastUpgradeCheck = 0830;
				ORGANIZATIONNAME = "Alberto Manzanilla";
				TargetAttributes = {
					3E1BAD321ED3AE9800D4AAEA = {
						CreatedOnToolsVersion = 8.3.2;
						DevelopmentTeam = V6RQ8Z5YZ3;
						ProvisioningStyle = Automatic;
					};
				};
			};
			buildConfigurationList = 3E1BAD2E1ED3AE9800D4AAEA /* Build configuration list for PBXProject "J&B's" */;
			compatibilityVersion = "Xcode 3.2";
			developmentRegion = English;
			hasScannedForEncodings = 0;
			knownRegions = (
				en,
				Base,
			);
			mainGroup = 3E1BAD2A1ED3AE9800D4AAEA;
			productRefGroup = 3E1BAD341ED3AE9800D4AAEA /* Products */;
			projectDirPath = "";
			projectRoot = "";
			targets = (
				3E1BAD321ED3AE9800D4AAEA /* J&B's */,
			);
		};
/* End PBXProject section */

/* Begin PBXResourcesBuildPhase section */
		3E1BAD311ED3AE9800D4AAEA /* Resources */ = {
			isa = PBXResourcesBuildPhase;
			buildActionMask = 2147483647;
			files = (
				3E1BAD411ED3AE9800D4AAEA /* LaunchScreen.storyboard in Resources */,
				3E1BAD3E1ED3AE9800D4AAEA /* Assets.xcassets in Resources */,
				3E1BAD3C1ED3AE9800D4AAEA /* Main.storyboard in Resources */,
			);
			runOnlyForDeploymentPostprocessing = 0;
		};
/* End PBXResourcesBuildPhase section */

/* Begin PBXSourcesBuildPhase section */
		3E1BAD2F1ED3AE9800D4AAEA /* Sources */ = {
			isa = PBXSourcesBuildPhase;
			buildActionMask = 2147483647;
			files = (
				3E1BAD391ED3AE9800D4AAEA /* ViewController.swift in Sources */,
				3E1BAD371ED3AE9800D4AAEA /* AppDelegate.swift in Sources */,
			);
			runOnlyForDeploymentPostprocessing = 0;
		};
/* End PBXSourcesBuildPhase section */

/* Begin PBXVariantGroup section */
		3E1BAD3A1ED3AE9800D4AAEA /* Main.storyboard */ = {
			isa = PBXVariantGroup;
			children = (
				3E1BAD3B1ED3AE9800D4AAEA /* Base */,
			);
			name = Main.storyboard;
			sourceTree = "<group>";
		};
		3E1BAD3F1ED3AE9800D4AAEA /* LaunchScreen.storyboard */ = {
			isa = PBXVariantGroup;
			children = (
				3E1BAD401ED3AE9800D4AAEA /* Base */,
			);
			name = LaunchScreen.storyboard;
			sourceTree = "<group>";
		};
/* End PBXVariantGroup section */

/* Begin XCBuildConfiguration section */
		3E1BAD431ED3AE9800D4AAEA /* Debug */ = {
			isa = XCBuildConfiguration;
			buildSettings = {
				ALWAYS_SEARCH_USER_PATHS = NO;
				CLANG_ANALYZER_NONNULL = YES;
				CLANG_ANALYZER_NUMBER_OBJECT_CONVERSION = YES_AGGRESSIVE;
				CLANG_CXX_LANGUAGE_STANDARD = "gnu++0x";
				CLANG_CXX_LIBRARY = "libc++";
				CLANG_ENABLE_MODULES = YES;
				CLANG_ENABLE_OBJC_ARC = YES;
				CLANG_WARN_BOOL_CONVERSION = YES;
				CLANG_WARN_CONSTANT_CONVERSION = YES;
				CLANG_WARN_DIRECT_OBJC_ISA_USAGE = YES_ERROR;
				CLANG_WARN_DOCUMENTATION_COMMENTS = YES;
				CLANG_WARN_EMPTY_BODY = YES;
				CLANG_WARN_ENUM_CONVERSION = YES;
				CLANG_WARN_INFINITE_RECURSION = YES;
				CLANG_WARN_INT_CONVERSION = YES;
				CLANG_WARN_OBJC_ROOT_CLASS = YES_ERROR;
				CLANG_WARN_SUSPICIOUS_MOVE = YES;
				CLANG_WARN_UNREACHABLE_CODE = YES;
				CLANG_WARN__DUPLICATE_METHOD_MATCH = YES;
				"CODE_SIGN_IDENTITY[sdk=iphoneos*]" = "iPhone Developer";
				COPY_PHASE_STRIP = NO;
				DEBUG_INFORMATION_FORMAT = dwarf;
				ENABLE_STRICT_OBJC_MSGSEND = YES;
				ENABLE_TESTABILITY = YES;
				GCC_C_LANGUAGE_STANDARD = gnu99;
				GCC_DYNAMIC_NO_PIC = NO;
				GCC_NO_COMMON_BLOCKS = YES;
				GCC_OPTIMIZATION_LEVEL = 0;
				GCC_PREPROCESSOR_DEFINITIONS = (
					"DEBUG=1",
					"$(inherited)",
				);
				GCC_WARN_64_TO_32_BIT_CONVERSION = YES;
				GCC_WARN_ABOUT_RETURN_TYPE = YES_ERROR;
				GCC_WARN_UNDECLARED_SELECTOR = YES;
				GCC_WARN_UNINITIALIZED_AUTOS = YES_AGGRESSIVE;
				GCC_WARN_UNUSED_FUNCTION = YES;
				GCC_WARN_UNUSED_VARIABLE = YES;
				IPHONEOS_DEPLOYMENT_TARGET = 10.3;
				MTL_ENABLE_DEBUG_INFO = YES;
				ONLY_ACTIVE_ARCH = YES;
				SDKROOT = iphoneos;
				SWIFT_ACTIVE_COMPILATION_CONDITIONS = DEBUG;
				SWIFT_OPTIMIZATION_LEVEL = "-Onone";
			};
			name = Debug;
		};
		3E1BAD441ED3AE9800D4AAEA /* Release */ = {
			isa = XCBuildConfiguration;
			buildSettings = {
				ALWAYS_SEARCH_USER_PATHS = NO;
				CLANG_ANALYZER_NONNULL = YES;
				CLANG_ANALYZER_NUMBER_OBJECT_CONVERSION = YES_AGGRESSIVE;
				CLANG_CXX_LANGUAGE_STANDARD = "gnu++0x";
				CLANG_CXX_LIBRARY = "libc++";
				CLANG_ENABLE_MODULES = YES;
				CLANG_ENABLE_OBJC_ARC = YES;
				CLANG_WARN_BOOL_CONVERSION = YES;
				CLANG_WARN_CONSTANT_CONVERSION = YES;
				CLANG_WARN_DIRECT_OBJC_ISA_USAGE = YES_ERROR;
				CLANG_WARN_DOCUMENTATION_COMMENTS = YES;
				CLANG_WARN_EMPTY_BODY = YES;
				CLANG_WARN_ENUM_CONVERSION = YES;
				CLANG_WARN_INFINITE_RECURSION = YES;
				CLANG_WARN_INT_CONVERSION = YES;
				CLANG_WARN_OBJC_ROOT_CLASS = YES_ERROR;
				CLANG_WARN_SUSPICIOUS_MOVE = YES;
				CLANG_WARN_UNREACHABLE_CODE = YES;
				CLANG_WARN__DUPLICATE_METHOD_MATCH = YES;
				"CODE_SIGN_IDENTITY[sdk=iphoneos*]" = "iPhone Developer";
				COPY_PHASE_STRIP = NO;
				DEBUG_INFORMATION_FORMAT = "dwarf-with-dsym";
				ENABLE_NS_ASSERTIONS = NO;
				ENABLE_STRICT_OBJC_MSGSEND = YES;
				GCC_C_LANGUAGE_STANDARD = gnu99;
				GCC_NO_COMMON_BLOCKS = YES;
				GCC_WARN_64_TO_32_BIT_CONVERSION = YES;
				GCC_WARN_ABOUT_RETURN_TYPE = YES_ERROR;
				GCC_WARN_UNDECLARED_SELECTOR = YES;
				GCC_WARN_UNINITIALIZED_AUTOS = YES_AGGRESSIVE;
				GCC_WARN_UNUSED_FUNCTION = YES;
				GCC_WARN_UNUSED_VARIABLE = YES;
				IPHONEOS_DEPLOYMENT_TARGET = 10.3;
				MTL_ENABLE_DEBUG_INFO = NO;
				SDKROOT = iphoneos;
				SWIFT_OPTIMIZATION_LEVEL = "-Owholemodule";
				VALIDATE_PRODUCT = YES;
			};
			name = Release;
		};
		3E1BAD461ED3AE9800D4AAEA /* Debug */ = {
			isa = XCBuildConfiguration;
			buildSettings = {
				ASSETCATALOG_COMPILER_APPICON_NAME = AppIcon;
				DEVELOPMENT_TEAM = V6RQ8Z5YZ3;
				INFOPLIST_FILE = "J&B's/Info.plist";
				LD_RUNPATH_SEARCH_PATHS = "$(inherited) @executable_path/Frameworks";
				PRODUCT_BUNDLE_IDENTIFIER = "com.training.swift.J-B-s";
				PRODUCT_NAME = "$(TARGET_NAME)";
				SWIFT_VERSION = 3.0;
			};
			name = Debug;
		};
		3E1BAD471ED3AE9800D4AAEA /* Release */ = {
			isa = XCBuildConfiguration;
			buildSettings = {
				ASSETCATALOG_COMPILER_APPICON_NAME = AppIcon;
				DEVELOPMENT_TEAM = V6RQ8Z5YZ3;
				INFOPLIST_FILE = "J&B's/Info.plist";
				LD_RUNPATH_SEARCH_PATHS = "$(inherited) @executable_path/Frameworks";
				PRODUCT_BUNDLE_IDENTIFIER = "com.training.swift.J-B-s";
				PRODUCT_NAME = "$(TARGET_NAME)";
				SWIFT_VERSION = 3.0;
			};
			name = Release;
		};
/* End XCBuildConfiguration section */

/* Begin XCConfigurationList section */
		3E1BAD2E1ED3AE9800D4AAEA /* Build configuration list for PBXProject "J&B's" */ = {
			isa = XCConfigurationList;
			buildConfigurations = (
				3E1BAD431ED3AE9800D4AAEA /* Debug */,
				3E1BAD441ED3AE9800D4AAEA /* Release */,
			);
			defaultConfigurationIsVisible = 0;
			defaultConfigurationName = Release;
		};
		3E1BAD451ED3AE9800D4AAEA /* Build configuration list for PBXNativeTarget "J&B's" */ = {
			isa = XCConfigurationList;
			buildConfigurations = (
				3E1BAD461ED3AE9800D4AAEA /* Debug */,
				3E1BAD471ED3AE9800D4AAEA /* Release */,
			);
			defaultConfigurationIsVisible = 0;
		};
/* End XCConfigurationList section */
	};
	rootObject = 3E1BAD2B1ED3AE9800D4AAEA /* Project object */;
}
